
Microsoft Visual Studio Solution File, Format Version 12.00
# Visual Studio Version 16
VisualStudioVersion = 16.0.31025.194
MinimumVisualStudioVersion = 10.0.40219.1
Project("{FAE04EC0-301F-11D3-BF4B-00C04F79EFBC}") = "processimage", "processimage.csproj", "{E68D0610-1020-4A69-9523-6317EEF78072}"
EndProject
Global
	GlobalSection(SolutionConfigurationPlatforms) = preSolution
		Debug|Any CPU = Debug|Any CPU
		Release|Any CPU = Release|Any CPU
	EndGlobalSection
	GlobalSection(ProjectConfigurationPlatforms) = postSolution
		{E68D0610-1020-4A69-9523-6317EEF78072}.Debug|Any CPU.ActiveCfg = Debug|Any CPU
		{E68D0610-1020-4A69-9523-6317EEF78072}.Debug|Any CPU.Build.0 = Debug|Any CPU
		{E68D0610-1020-4A69-9523-6317EEF78072}.Release|Any CPU.ActiveCfg = Release|Any CPU
		{E68D0610-1020-4A69-9523-6317EEF78072}.Release|Any CPU.Build.0 = Release|Any CPU
	EndGlobalSection
	GlobalSection(SolutionProperties) = preSolution
		HideSolutionNode = FALSE
	EndGlobalSection
	GlobalSection(ExtensibilityGlobals) = postSolution
		SolutionGuid = {55A18118-F6C2-4E4F-8A85-2438EDB63C7C}
	EndGlobalSection
EndGlobal
